
Microsoft Visual Studio Solution File, Format Version 12.00
# Visual Studio 14
VisualStudioVersion = 14.0.25420.1
MinimumVisualStudioVersion = 10.0.40219.1
Project("{FAE04EC0-301F-11D3-BF4B-00C04F79EFBC}") = "IsBinarySearchTree", "IsBinarySearchTree\IsBinarySearchTree.csproj", "{338AFD69-B0D1-46B1-BA87-910AA4D73EF6}"
EndProject
Project("{FAE04EC0-301F-11D3-BF4B-00C04F79EFBC}") = "IsBinarySearchTreeTests", "IsBinarySearchTreeTests\IsBinarySearchTreeTests.csproj", "{3525840E-56A4-455F-A3E5-7905368B918C}"
EndProject
Global
	GlobalSection(SolutionConfigurationPlatforms) = preSolution
		Debug|Any CPU = Debug|Any CPU
		Release|Any CPU = Release|Any CPU
	EndGlobalSection
	GlobalSection(ProjectConfigurationPlatforms) = postSolution
		{338AFD69-B0D1-46B1-BA87-910AA4D73EF6}.Debug|Any CPU.ActiveCfg = Debug|Any CPU
		{338AFD69-B0D1-46B1-BA87-910AA4D73EF6}.Debug|Any CPU.Build.0 = Debug|Any CPU
		{338AFD69-B0D1-46B1-BA87-910AA4D73EF6}.Release|Any CPU.ActiveCfg = Release|Any CPU
		{338AFD69-B0D1-46B1-BA87-910AA4D73EF6}.Release|Any CPU.Build.0 = Release|Any CPU
		{3525840E-56A4-455F-A3E5-7905368B918C}.Debug|Any CPU.ActiveCfg = Debug|Any CPU
		{3525840E-56A4-455F-A3E5-7905368B918C}.Debug|Any CPU.Build.0 = Debug|Any CPU
		{3525840E-56A4-455F-A3E5-7905368B918C}.Release|Any CPU.ActiveCfg = Release|Any CPU
		{3525840E-56A4-455F-A3E5-7905368B918C}.Release|Any CPU.Build.0 = Release|Any CPU
	EndGlobalSection
	GlobalSection(SolutionProperties) = preSolution
		HideSolutionNode = FALSE
	EndGlobalSection
EndGlobal
